
Microsoft Visual Studio Solution File, Format Version 12.00
# Visual Studio 15
VisualStudioVersion = 15.0.27428.2015
MinimumVisualStudioVersion = 10.0.40219.1
Project("{FAE04EC0-301F-11D3-BF4B-00C04F79EFBC}") = "MyBlog", "MyBlog\MyBlog.csproj", "{E59F26FE-C5A3-48C5-9482-B2FFCE5C1F17}"
EndProject
Global
	GlobalSection(SolutionConfigurationPlatforms) = preSolution
		Debug|Any CPU = Debug|Any CPU
		Release|Any CPU = Release|Any CPU
	EndGlobalSection
	GlobalSection(ProjectConfigurationPlatforms) = postSolution
		{E59F26FE-C5A3-48C5-9482-B2FFCE5C1F17}.Debug|Any CPU.ActiveCfg = Debug|Any CPU
		{E59F26FE-C5A3-48C5-9482-B2FFCE5C1F17}.Debug|Any CPU.Build.0 = Debug|Any CPU
		{E59F26FE-C5A3-48C5-9482-B2FFCE5C1F17}.Release|Any CPU.ActiveCfg = Release|Any CPU
		{E59F26FE-C5A3-48C5-9482-B2FFCE5C1F17}.Release|Any CPU.Build.0 = Release|Any CPU
	EndGlobalSection
	GlobalSection(SolutionProperties) = preSolution
		HideSolutionNode = FALSE
	EndGlobalSection
	GlobalSection(ExtensibilityGlobals) = postSolution
		SolutionGuid = {D64DFFE0-0681-498E-98E0-7ACB8E39EE6A}
	EndGlobalSection
EndGlobal
